
Microsoft Visual Studio Solution File, Format Version 12.00
# Visual Studio Version 16
VisualStudioVersion = 16.0.29806.167
MinimumVisualStudioVersion = 10.0.40219.1
Project("{2150E333-8FDC-42A3-9474-1A3956D46DE8}") = "Common", "Common", "{9D277E88-B383-44F5-957D-0659B8642463}"
EndProject
Project("{2150E333-8FDC-42A3-9474-1A3956D46DE8}") = "Services", "Services", "{A49AF4C4-EAFF-42D0-A8F6-985E1AA2DF5A}"
EndProject
Project("{2150E333-8FDC-42A3-9474-1A3956D46DE8}") = "UI", "UI", "{FB68E186-CFD3-47DC-8632-1FDDE2AA41A7}"
EndProject
Project("{9A19103F-16F7-4668-BE54-9A1E7A4F7556}") = "WebStore.Domain", "Common\WebStore.Domain\WebStore.Domain.csproj", "{570D7D85-6604-4ADD-B651-91561B26EAE4}"
EndProject
Project("{9A19103F-16F7-4668-BE54-9A1E7A4F7556}") = "WebStore.DAL", "Services\WebStore.DAL\WebStore.DAL.csproj", "{187FA44D-30E8-4873-A5B9-61B823F2D5D3}"
EndProject
Project("{9A19103F-16F7-4668-BE54-9A1E7A4F7556}") = "WebStore", "UI\WebStore\WebStore.csproj", "{1160396F-93BA-4E47-9A15-AA678F3CE42B}"
EndProject
Project("{2150E333-8FDC-42A3-9474-1A3956D46DE8}") = ".Service", ".Service", "{438DD8A9-372E-41C6-B461-3E81CF46C504}"
	ProjectSection(SolutionItems) = preProject
		.gitignore = .gitignore
	EndProjectSection
EndProject
Project("{FAE04EC0-301F-11D3-BF4B-00C04F79EFBC}") = "WebStore.ServiceHosting", "Services\WebStore.ServiceHosting\WebStore.ServiceHosting.csproj", "{194D3111-1780-4724-9DC8-C72603ECE5C1}"
EndProject
Project("{FAE04EC0-301F-11D3-BF4B-00C04F79EFBC}") = "WebStore.Interfaces", "Services\WebStore.Interfaces\WebStore.Interfaces.csproj", "{5CFBD573-634A-4493-92EF-D1C33D7DAE03}"
EndProject
Project("{FAE04EC0-301F-11D3-BF4B-00C04F79EFBC}") = "WebStore.Services", "Services\WebStore.Services\WebStore.Services.csproj", "{FC4B2BFD-14CC-4F95-A859-07F6069A56D0}"
EndProject
Global
	GlobalSection(SolutionConfigurationPlatforms) = preSolution
		Debug|Any CPU = Debug|Any CPU
		Release|Any CPU = Release|Any CPU
	EndGlobalSection
	GlobalSection(ProjectConfigurationPlatforms) = postSolution
		{570D7D85-6604-4ADD-B651-91561B26EAE4}.Debug|Any CPU.ActiveCfg = Debug|Any CPU
		{570D7D85-6604-4ADD-B651-91561B26EAE4}.Debug|Any CPU.Build.0 = Debug|Any CPU
		{570D7D85-6604-4ADD-B651-91561B26EAE4}.Release|Any CPU.ActiveCfg = Release|Any CPU
		{570D7D85-6604-4ADD-B651-91561B26EAE4}.Release|Any CPU.Build.0 = Release|Any CPU
		{187FA44D-30E8-4873-A5B9-61B823F2D5D3}.Debug|Any CPU.ActiveCfg = Debug|Any CPU
		{187FA44D-30E8-4873-A5B9-61B823F2D5D3}.Debug|Any CPU.Build.0 = Debug|Any CPU
		{187FA44D-30E8-4873-A5B9-61B823F2D5D3}.Release|Any CPU.ActiveCfg = Release|Any CPU
		{187FA44D-30E8-4873-A5B9-61B823F2D5D3}.Release|Any CPU.Build.0 = Release|Any CPU
		{1160396F-93BA-4E47-9A15-AA678F3CE42B}.Debug|Any CPU.ActiveCfg = Debug|Any CPU
		{1160396F-93BA-4E47-9A15-AA678F3CE42B}.Debug|Any CPU.Build.0 = Debug|Any CPU
		{1160396F-93BA-4E47-9A15-AA678F3CE42B}.Release|Any CPU.ActiveCfg = Release|Any CPU
		{1160396F-93BA-4E47-9A15-AA678F3CE42B}.Release|Any CPU.Build.0 = Release|Any CPU
		{194D3111-1780-4724-9DC8-C72603ECE5C1}.Debug|Any CPU.ActiveCfg = Debug|Any CPU
		{194D3111-1780-4724-9DC8-C72603ECE5C1}.Debug|Any CPU.Build.0 = Debug|Any CPU
		{194D3111-1780-4724-9DC8-C72603ECE5C1}.Release|Any CPU.ActiveCfg = Release|Any CPU
		{194D3111-1780-4724-9DC8-C72603ECE5C1}.Release|Any CPU.Build.0 = Release|Any CPU
		{5CFBD573-634A-4493-92EF-D1C33D7DAE03}.Debug|Any CPU.ActiveCfg = Debug|Any CPU
		{5CFBD573-634A-4493-92EF-D1C33D7DAE03}.Debug|Any CPU.Build.0 = Debug|Any CPU
		{5CFBD573-634A-4493-92EF-D1C33D7DAE03}.Release|Any CPU.ActiveCfg = Release|Any CPU
		{5CFBD573-634A-4493-92EF-D1C33D7DAE03}.Release|Any CPU.Build.0 = Release|Any CPU
		{FC4B2BFD-14CC-4F95-A859-07F6069A56D0}.Debug|Any CPU.ActiveCfg = Debug|Any CPU
		{FC4B2BFD-14CC-4F95-A859-07F6069A56D0}.Debug|Any CPU.Build.0 = Debug|Any CPU
		{FC4B2BFD-14CC-4F95-A859-07F6069A56D0}.Release|Any CPU.ActiveCfg = Release|Any CPU
		{FC4B2BFD-14CC-4F95-A859-07F6069A56D0}.Release|Any CPU.Build.0 = Release|Any CPU
	EndGlobalSection
	GlobalSection(SolutionProperties) = preSolution
		HideSolutionNode = FALSE
	EndGlobalSection
	GlobalSection(NestedProjects) = preSolution
		{570D7D85-6604-4ADD-B651-91561B26EAE4} = {9D277E88-B383-44F5-957D-0659B8642463}
		{187FA44D-30E8-4873-A5B9-61B823F2D5D3} = {A49AF4C4-EAFF-42D0-A8F6-985E1AA2DF5A}
		{1160396F-93BA-4E47-9A15-AA678F3CE42B} = {FB68E186-CFD3-47DC-8632-1FDDE2AA41A7}
		{194D3111-1780-4724-9DC8-C72603ECE5C1} = {A49AF4C4-EAFF-42D0-A8F6-985E1AA2DF5A}
		{5CFBD573-634A-4493-92EF-D1C33D7DAE03} = {A49AF4C4-EAFF-42D0-A8F6-985E1AA2DF5A}
		{FC4B2BFD-14CC-4F95-A859-07F6069A56D0} = {A49AF4C4-EAFF-42D0-A8F6-985E1AA2DF5A}
	EndGlobalSection
	GlobalSection(ExtensibilityGlobals) = postSolution
		SolutionGuid = {3B31DAB8-A564-4FF5-A578-44EA9C78DBE4}
	EndGlobalSection
EndGlobal
